// !$*UTF8*$!
{
	archiveVersion = 1;
	classes = {
	};
	objectVersion = 46;
	objects = {

/* Begin PBXBuildFile section */
		8583EAB21BD91AD0009551F7 /* AppDelegate.swift in Sources */ = {isa = PBXBuildFile; fileRef = 8583EAB11BD91AD0009551F7 /* AppDelegate.swift */; };
		8583EAB41BD91AD0009551F7 /* ViewController.swift in Sources */ = {isa = PBXBuildFile; fileRef = 8583EAB31BD91AD0009551F7 /* ViewController.swift */; };
		8583EAB71BD91AD0009551F7 /* Main.storyboard in Resources */ = {isa = PBXBuildFile; fileRef = 8583EAB51BD91AD0009551F7 /* Main.storyboard */; };
		8583EAB91BD91AD0009551F7 /* Assets.xcassets in Resources */ = {isa = PBXBuildFile; fileRef = 8583EAB81BD91AD0009551F7 /* Assets.xcassets */; };
		8583EABC1BD91AD0009551F7 /* LaunchScreen.storyboard in Resources */ = {isa = PBXBuildFile; fileRef = 8583EABA1BD91AD0009551F7 /* LaunchScreen.storyboard */; };
		8583EAC71BD91AD0009551F7 /* BotTest1Tests.swift in Sources */ = {isa = PBXBuildFile; fileRef = 8583EAC61BD91AD0009551F7 /* BotTest1Tests.swift */; };
		8583EAD21BD91AD0009551F7 /* BotTest1UITests.swift in Sources */ = {isa = PBXBuildFile; fileRef = 8583EAD11BD91AD0009551F7 /* BotTest1UITests.swift */; };
/* End PBXBuildFile section */

/* Begin PBXContainerItemProxy section */
		8583EAC31BD91AD0009551F7 /* PBXContainerItemProxy */ = {
			isa = PBXContainerItemProxy;
			containerPortal = 8583EAA61BD91AD0009551F7 /* Project object */;
			proxyType = 1;
			remoteGlobalIDString = 8583EAAD1BD91AD0009551F7;
			remoteInfo = BotTest1;
		};
		8583EACE1BD91AD0009551F7 /* PBXContainerItemProxy */ = {
			isa = PBXContainerItemProxy;
			containerPortal = 8583EAA61BD91AD0009551F7 /* Project object */;
			proxyType = 1;
			remoteGlobalIDString = 8583EAAD1BD91AD0009551F7;
			remoteInfo = BotTest1;
		};
/* End PBXContainerItemProxy section */

/* Begin PBXFileReference section */
		8583EAAE1BD91AD0009551F7 /* BotTest1.app */ = {isa = PBXFileReference; explicitFileType = wrapper.application; includeInIndex = 0; path = BotTest1.app; sourceTree = BUILT_PRODUCTS_DIR; };
		8583EAB11BD91AD0009551F7 /* AppDelegate.swift */ = {isa = PBXFileReference; lastKnownFileType = sourcecode.swift; path = AppDelegate.swift; sourceTree = "<group>"; };
		8583EAB31BD91AD0009551F7 /* ViewController.swift */ = {isa = PBXFileReference; lastKnownFileType = sourcecode.swift; path = ViewController.swift; sourceTree = "<group>"; };
		8583EAB61BD91AD0009551F7 /* Base */ = {isa = PBXFileReference; lastKnownFileType = file.storyboard; name = Base; path = Base.lproj/Main.storyboard; sourceTree = "<group>"; };
		8583EAB81BD91AD0009551F7 /* Assets.xcassets */ = {isa = PBXFileReference; lastKnownFileType = folder.assetcatalog; path = Assets.xcassets; sourceTree = "<group>"; };
		8583EABB1BD91AD0009551F7 /* Base */ = {isa = PBXFileReference; lastKnownFileType = file.storyboard; name = Base; path = Base.lproj/LaunchScreen.storyboard; sourceTree = "<group>"; };
		8583EABD1BD91AD0009551F7 /* Info.plist */ = {isa = PBXFileReference; lastKnownFileType = text.plist.xml; path = Info.plist; sourceTree = "<group>"; };
		8583EAC21BD91AD0009551F7 /* BotTest1Tests.xctest */ = {isa = PBXFileReference; explicitFileType = wrapper.cfbundle; includeInIndex = 0; path = BotTest1Tests.xctest; sourceTree = BUILT_PRODUCTS_DIR; };
		8583EAC61BD91AD0009551F7 /* BotTest1Tests.swift */ = {isa = PBXFileReference; lastKnownFileType = sourcecode.swift; path = BotTest1Tests.swift; sourceTree = "<group>"; };
		8583EAC81BD91AD0009551F7 /* Info.plist */ = {isa = PBXFileReference; lastKnownFileType = text.plist.xml; path = Info.plist; sourceTree = "<group>"; };
		8583EACD1BD91AD0009551F7 /* BotTest1UITests.xctest */ = {isa = PBXFileReference; explicitFileType = wrapper.cfbundle; includeInIndex = 0; path = BotTest1UITests.xctest; sourceTree = BUILT_PRODUCTS_DIR; };
		8583EAD11BD91AD0009551F7 /* BotTest1UITests.swift */ = {isa = PBXFileReference; lastKnownFileType = sourcecode.swift; path = BotTest1UITests.swift; sourceTree = "<group>"; };
		8583EAD31BD91AD1009551F7 /* Info.plist */ = {isa = PBXFileReference; lastKnownFileType = text.plist.xml; path = Info.plist; sourceTree = "<group>"; };
/* End PBXFileReference section */

/* Begin PBXFrameworksBuildPhase section */
		8583EAAB1BD91AD0009551F7 /* Frameworks */ = {
			isa = PBXFrameworksBuildPhase;
			buildActionMask = 2147483647;
			files = (
			);
			runOnlyForDeploymentPostprocessing = 0;
		};
		8583EABF1BD91AD0009551F7 /* Frameworks */ = {
			isa = PBXFrameworksBuildPhase;
			buildActionMask = 2147483647;
			files = (
			);
			runOnlyForDeploymentPostprocessing = 0;
		};
		8583EACA1BD91AD0009551F7 /* Frameworks */ = {
			isa = PBXFrameworksBuildPhase;
			buildActionMask = 2147483647;
			files = (
			);
			runOnlyForDeploymentPostprocessing = 0;
		};
/* End PBXFrameworksBuildPhase section */

/* Begin PBXGroup section */
		8583EAA51BD91AD0009551F7 = {
			isa = PBXGroup;
			children = (
				8583EAB01BD91AD0009551F7 /* BotTest1 */,
				8583EAC51BD91AD0009551F7 /* BotTest1Tests */,
				8583EAD01BD91AD0009551F7 /* BotTest1UITests */,
				8583EAAF1BD91AD0009551F7 /* Products */,
			);
			sourceTree = "<group>";
		};
		8583EAAF1BD91AD0009551F7 /* Products */ = {
			isa = PBXGroup;
			children = (
				8583EAAE1BD91AD0009551F7 /* BotTest1.app */,
				8583EAC21BD91AD0009551F7 /* BotTest1Tests.xctest */,
				8583EACD1BD91AD0009551F7 /* BotTest1UITests.xctest */,
			);
			name = Products;
			sourceTree = "<group>";
		};
		8583EAB01BD91AD0009551F7 /* BotTest1 */ = {
			isa = PBXGroup;
			children = (
				8583EAB11BD91AD0009551F7 /* AppDelegate.swift */,
				8583EAB31BD91AD0009551F7 /* ViewController.swift */,
				8583EAB51BD91AD0009551F7 /* Main.storyboard */,
				8583EAB81BD91AD0009551F7 /* Assets.xcassets */,
				8583EABA1BD91AD0009551F7 /* LaunchScreen.storyboard */,
				8583EABD1BD91AD0009551F7 /* Info.plist */,
			);
			path = BotTest1;
			sourceTree = "<group>";
		};
		8583EAC51BD91AD0009551F7 /* BotTest1Tests */ = {
			isa = PBXGroup;
			children = (
				8583EAC61BD91AD0009551F7 /* BotTest1Tests.swift */,
				8583EAC81BD91AD0009551F7 /* Info.plist */,
			);
			path = BotTest1Tests;
			sourceTree = "<group>";
		};
		8583EAD01BD91AD0009551F7 /* BotTest1UITests */ = {
			isa = PBXGroup;
			children = (
				8583EAD11BD91AD0009551F7 /* BotTest1UITests.swift */,
				8583EAD31BD91AD1009551F7 /* Info.plist */,
			);
			path = BotTest1UITests;
			sourceTree = "<group>";
		};
/* End PBXGroup section */

/* Begin PBXNativeTarget section */
		8583EAAD1BD91AD0009551F7 /* BotTest1 */ = {
			isa = PBXNativeTarget;
			buildConfigurationList = 8583EAD61BD91AD1009551F7 /* Build configuration list for PBXNativeTarget "BotTest1" */;
			buildPhases = (
				8583EAAA1BD91AD0009551F7 /* Sources */,
				8583EAAB1BD91AD0009551F7 /* Frameworks */,
				8583EAAC1BD91AD0009551F7 /* Resources */,
			);
			buildRules = (
			);
			dependencies = (
			);
			name = BotTest1;
			productName = BotTest1;
			productReference = 8583EAAE1BD91AD0009551F7 /* BotTest1.app */;
			productType = "com.apple.product-type.application";
		};
		8583EAC11BD91AD0009551F7 /* BotTest1Tests */ = {
			isa = PBXNativeTarget;
			buildConfigurationList = 8583EAD91BD91AD1009551F7 /* Build configuration list for PBXNativeTarget "BotTest1Tests" */;
			buildPhases = (
				8583EABE1BD91AD0009551F7 /* Sources */,
				8583EABF1BD91AD0009551F7 /* Frameworks */,
				8583EAC01BD91AD0009551F7 /* Resources */,
			);
			buildRules = (
			);
			dependencies = (
				8583EAC41BD91AD0009551F7 /* PBXTargetDependency */,
			);
			name = BotTest1Tests;
			productName = BotTest1Tests;
			productReference = 8583EAC21BD91AD0009551F7 /* BotTest1Tests.xctest */;
			productType = "com.apple.product-type.bundle.unit-test";
		};
		8583EACC1BD91AD0009551F7 /* BotTest1UITests */ = {
			isa = PBXNativeTarget;
			buildConfigurationList = 8583EADC1BD91AD1009551F7 /* Build configuration list for PBXNativeTarget "BotTest1UITests" */;
			buildPhases = (
				8583EAC91BD91AD0009551F7 /* Sources */,
				8583EACA1BD91AD0009551F7 /* Frameworks */,
				8583EACB1BD91AD0009551F7 /* Resources */,
			);
			buildRules = (
			);
			dependencies = (
				8583EACF1BD91AD0009551F7 /* PBXTargetDependency */,
			);
			name = BotTest1UITests;
			productName = BotTest1UITests;
			productReference = 8583EACD1BD91AD0009551F7 /* BotTest1UITests.xctest */;
			productType = "com.apple.product-type.bundle.ui-testing";
		};
/* End PBXNativeTarget section */

/* Begin PBXProject section */
		8583EAA61BD91AD0009551F7 /* Project object */ = {
			isa = PBXProject;
			attributes = {
				LastUpgradeCheck = 0700;
				ORGANIZATIONNAME = "Avner Barr";
				TargetAttributes = {
					8583EAAD1BD91AD0009551F7 = {
						CreatedOnToolsVersion = 7.0.1;
					};
					8583EAC11BD91AD0009551F7 = {
						CreatedOnToolsVersion = 7.0.1;
						TestTargetID = 8583EAAD1BD91AD0009551F7;
					};
					8583EACC1BD91AD0009551F7 = {
						CreatedOnToolsVersion = 7.0.1;
						TestTargetID = 8583EAAD1BD91AD0009551F7;
					};
				};
			};
			buildConfigurationList = 8583EAA91BD91AD0009551F7 /* Build configuration list for PBXProject "BotTest1" */;
			compatibilityVersion = "Xcode 3.2";
			developmentRegion = English;
			hasScannedForEncodings = 0;
			knownRegions = (
				en,
				Base,
			);
			mainGroup = 8583EAA51BD91AD0009551F7;
			productRefGroup = 8583EAAF1BD91AD0009551F7 /* Products */;
			projectDirPath = "";
			projectRoot = "";
			targets = (
				8583EAAD1BD91AD0009551F7 /* BotTest1 */,
				8583EAC11BD91AD0009551F7 /* BotTest1Tests */,
				8583EACC1BD91AD0009551F7 /* BotTest1UITests */,
			);
		};
/* End PBXProject section */

/* Begin PBXResourcesBuildPhase section */
		8583EAAC1BD91AD0009551F7 /* Resources */ = {
			isa = PBXResourcesBuildPhase;
			buildActionMask = 2147483647;
			files = (
				8583EABC1BD91AD0009551F7 /* LaunchScreen.storyboard in Resources */,
				8583EAB91BD91AD0009551F7 /* Assets.xcassets in Resources */,
				8583EAB71BD91AD0009551F7 /* Main.storyboard in Resources */,
			);
			runOnlyForDeploymentPostprocessing = 0;
		};
		8583EAC01BD91AD0009551F7 /* Resources */ = {
			isa = PBXResourcesBuildPhase;
			buildActionMask = 2147483647;
			files = (
			);
			runOnlyForDeploymentPostprocessing = 0;
		};
		8583EACB1BD91AD0009551F7 /* Resources */ = {
			isa = PBXResourcesBuildPhase;
			buildActionMask = 2147483647;
			files = (
			);
			runOnlyForDeploymentPostprocessing = 0;
		};
/* End PBXResourcesBuildPhase section */

/* Begin PBXSourcesBuildPhase section */
		8583EAAA1BD91AD0009551F7 /* Sources */ = {
			isa = PBXSourcesBuildPhase;
			buildActionMask = 2147483647;
			files = (
				8583EAB41BD91AD0009551F7 /* ViewController.swift in Sources */,
				8583EAB21BD91AD0009551F7 /* AppDelegate.swift in Sources */,
			);
			runOnlyForDeploymentPostprocessing = 0;
		};
		8583EABE1BD91AD0009551F7 /* Sources */ = {
			isa = PBXSourcesBuildPhase;
			buildActionMask = 2147483647;
			files = (
				8583EAC71BD91AD0009551F7 /* BotTest1Tests.swift in Sources */,
			);
			runOnlyForDeploymentPostprocessing = 0;
		};
		8583EAC91BD91AD0009551F7 /* Sources */ = {
			isa = PBXSourcesBuildPhase;
			buildActionMask = 2147483647;
			files = (
				8583EAD21BD91AD0009551F7 /* BotTest1UITests.swift in Sources */,
			);
			runOnlyForDeploymentPostprocessing = 0;
		};
/* End PBXSourcesBuildPhase section */

/* Begin PBXTargetDependency section */
		8583EAC41BD91AD0009551F7 /* PBXTargetDependency */ = {
			isa = PBXTargetDependency;
			target = 8583EAAD1BD91AD0009551F7 /* BotTest1 */;
			targetProxy = 8583EAC31BD91AD0009551F7 /* PBXContainerItemProxy */;
		};
		8583EACF1BD91AD0009551F7 /* PBXTargetDependency */ = {
			isa = PBXTargetDependency;
			target = 8583EAAD1BD91AD0009551F7 /* BotTest1 */;
			targetProxy = 8583EACE1BD91AD0009551F7 /* PBXContainerItemProxy */;
		};
/* End PBXTargetDependency section */

/* Begin PBXVariantGroup section */
		8583EAB51BD91AD0009551F7 /* Main.storyboard */ = {
			isa = PBXVariantGroup;
			children = (
				8583EAB61BD91AD0009551F7 /* Base */,
			);
			name = Main.storyboard;
			sourceTree = "<group>";
		};
		8583EABA1BD91AD0009551F7 /* LaunchScreen.storyboard */ = {
			isa = PBXVariantGroup;
			children = (
				8583EABB1BD91AD0009551F7 /* Base */,
			);
			name = LaunchScreen.storyboard;
			sourceTree = "<group>";
		};
/* End PBXVariantGroup section */

/* Begin XCBuildConfiguration section */
		8583EAD41BD91AD1009551F7 /* Debug */ = {
			isa = XCBuildConfiguration;
			buildSettings = {
				ALWAYS_SEARCH_USER_PATHS = NO;
				CLANG_CXX_LANGUAGE_STANDARD = "gnu++0x";
				CLANG_CXX_LIBRARY = "libc++";
				CLANG_ENABLE_MODULES = YES;
				CLANG_ENABLE_OBJC_ARC = YES;
				CLANG_WARN_BOOL_CONVERSION = YES;
				CLANG_WARN_CONSTANT_CONVERSION = YES;
				CLANG_WARN_DIRECT_OBJC_ISA_USAGE = YES_ERROR;
				CLANG_WARN_EMPTY_BODY = YES;
				CLANG_WARN_ENUM_CONVERSION = YES;
				CLANG_WARN_INT_CONVERSION = YES;
				CLANG_WARN_OBJC_ROOT_CLASS = YES_ERROR;
				CLANG_WARN_UNREACHABLE_CODE = YES;
				CLANG_WARN__DUPLICATE_METHOD_MATCH = YES;
				"CODE_SIGN_IDENTITY[sdk=iphoneos*]" = "iPhone Developer";
				COPY_PHASE_STRIP = NO;
				DEBUG_INFORMATION_FORMAT = dwarf;
				ENABLE_STRICT_OBJC_MSGSEND = YES;
				ENABLE_TESTABILITY = YES;
				GCC_C_LANGUAGE_STANDARD = gnu99;
				GCC_DYNAMIC_NO_PIC = NO;
				GCC_NO_COMMON_BLOCKS = YES;
				GCC_OPTIMIZATION_LEVEL = 0;
				GCC_PREPROCESSOR_DEFINITIONS = (
					"DEBUG=1",
					"$(inherited)",
				);
				GCC_WARN_64_TO_32_BIT_CONVERSION = YES;
				GCC_WARN_ABOUT_RETURN_TYPE = YES_ERROR;
				GCC_WARN_UNDECLARED_SELECTOR = YES;
				GCC_WARN_UNINITIALIZED_AUTOS = YES_AGGRESSIVE;
				GCC_WARN_UNUSED_FUNCTION = YES;
				GCC_WARN_UNUSED_VARIABLE = YES;
				IPHONEOS_DEPLOYMENT_TARGET = 9.0;
				MTL_ENABLE_DEBUG_INFO = YES;
				ONLY_ACTIVE_ARCH = YES;
				SDKROOT = iphoneos;
				SWIFT_OPTIMIZATION_LEVEL = "-Onone";
				TARGETED_DEVICE_FAMILY = "1,2";
			};
			name = Debug;
		};
		8583EAD51BD91AD1009551F7 /* Release */ = {
			isa = XCBuildConfiguration;
			buildSettings = {
				ALWAYS_SEARCH_USER_PATHS = NO;
				CLANG_CXX_LANGUAGE_STANDARD = "gnu++0x";
				CLANG_CXX_LIBRARY = "libc++";
				CLANG_ENABLE_MODULES = YES;
				CLANG_ENABLE_OBJC_ARC = YES;
				CLANG_WARN_BOOL_CONVERSION = YES;
				CLANG_WARN_CONSTANT_CONVERSION = YES;
				CLANG_WARN_DIRECT_OBJC_ISA_USAGE = YES_ERROR;
				CLANG_WARN_EMPTY_BODY = YES;
				CLANG_WARN_ENUM_CONVERSION = YES;
				CLANG_WARN_INT_CONVERSION = YES;
				CLANG_WARN_OBJC_ROOT_CLASS = YES_ERROR;
				CLANG_WARN_UNREACHABLE_CODE = YES;
				CLANG_WARN__DUPLICATE_METHOD_MATCH = YES;
				"CODE_SIGN_IDENTITY[sdk=iphoneos*]" = "iPhone Developer";
				COPY_PHASE_STRIP = NO;
				DEBUG_INFORMATION_FORMAT = "dwarf-with-dsym";
				ENABLE_NS_ASSERTIONS = NO;
				ENABLE_STRICT_OBJC_MSGSEND = YES;
				GCC_C_LANGUAGE_STANDARD = gnu99;
				GCC_NO_COMMON_BLOCKS = YES;
				GCC_WARN_64_TO_32_BIT_CONVERSION = YES;
				GCC_WARN_ABOUT_RETURN_TYPE = YES_ERROR;
				GCC_WARN_UNDECLARED_SELECTOR = YES;
				GCC_WARN_UNINITIALIZED_AUTOS = YES_AGGRESSIVE;
				GCC_WARN_UNUSED_FUNCTION = YES;
				GCC_WARN_UNUSED_VARIABLE = YES;
				IPHONEOS_DEPLOYMENT_TARGET = 9.0;
				MTL_ENABLE_DEBUG_INFO = NO;
				SDKROOT = iphoneos;
				TARGETED_DEVICE_FAMILY = "1,2";
				VALIDATE_PRODUCT = YES;
			};
			name = Release;
		};
		8583EAD71BD91AD1009551F7 /* Debug */ = {
			isa = XCBuildConfiguration;
			buildSettings = {
				ASSETCATALOG_COMPILER_APPICON_NAME = AppIcon;
				INFOPLIST_FILE = BotTest1/Info.plist;
				LD_RUNPATH_SEARCH_PATHS = "$(inherited) @executable_path/Frameworks";
				PRODUCT_BUNDLE_IDENTIFIER = com.Insert.BotTest1;
				PRODUCT_NAME = "$(TARGET_NAME)";
			};
			name = Debug;
		};
		8583EAD81BD91AD1009551F7 /* Release */ = {
			isa = XCBuildConfiguration;
			buildSettings = {
				ASSETCATALOG_COMPILER_APPICON_NAME = AppIcon;
				INFOPLIST_FILE = BotTest1/Info.plist;
				LD_RUNPATH_SEARCH_PATHS = "$(inherited) @executable_path/Frameworks";
				PRODUCT_BUNDLE_IDENTIFIER = com.Insert.BotTest1;
				PRODUCT_NAME = "$(TARGET_NAME)";
			};
			name = Release;
		};
		8583EADA1BD91AD1009551F7 /* Debug */ = {
			isa = XCBuildConfiguration;
			buildSettings = {
				BUNDLE_LOADER = "$(TEST_HOST)";
				INFOPLIST_FILE = BotTest1Tests/Info.plist;
				LD_RUNPATH_SEARCH_PATHS = "$(inherited) @executable_path/Frameworks @loader_path/Frameworks";
				PRODUCT_BUNDLE_IDENTIFIER = com.Insert.BotTest1Tests;
				PRODUCT_NAME = "$(TARGET_NAME)";
				TEST_HOST = "$(BUILT_PRODUCTS_DIR)/BotTest1.app/BotTest1";
			};
			name = Debug;
		};
		8583EADB1BD91AD1009551F7 /* Release */ = {
			isa = XCBuildConfiguration;
			buildSettings = {
				BUNDLE_LOADER = "$(TEST_HOST)";
				INFOPLIST_FILE = BotTest1Tests/Info.plist;
				LD_RUNPATH_SEARCH_PATHS = "$(inherited) @executable_path/Frameworks @loader_path/Frameworks";
				PRODUCT_BUNDLE_IDENTIFIER = com.Insert.BotTest1Tests;
				PRODUCT_NAME = "$(TARGET_NAME)";
				TEST_HOST = "$(BUILT_PRODUCTS_DIR)/BotTest1.app/BotTest1";
			};
			name = Release;
		};
		8583EADD1BD91AD1009551F7 /* Debug */ = {
			isa = XCBuildConfiguration;
			buildSettings = {
				INFOPLIST_FILE = BotTest1UITests/Info.plist;
				LD_RUNPATH_SEARCH_PATHS = "$(inherited) @executable_path/Frameworks @loader_path/Frameworks";
				PRODUCT_BUNDLE_IDENTIFIER = com.Insert.BotTest1UITests;
				PRODUCT_NAME = "$(TARGET_NAME)";
				TEST_TARGET_NAME = BotTest1;
				USES_XCTRUNNER = YES;
			};
			name = Debug;
		};
		8583EADE1BD91AD1009551F7 /* Release */ = {
			isa = XCBuildConfiguration;
			buildSettings = {
				INFOPLIST_FILE = BotTest1UITests/Info.plist;
				LD_RUNPATH_SEARCH_PATHS = "$(inherited) @executable_path/Frameworks @loader_path/Frameworks";
				PRODUCT_BUNDLE_IDENTIFIER = com.Insert.BotTest1UITests;
				PRODUCT_NAME = "$(TARGET_NAME)";
				TEST_TARGET_NAME = BotTest1;
				USES_XCTRUNNER = YES;
			};
			name = Release;
		};
/* End XCBuildConfiguration section */

/* Begin XCConfigurationList section */
		8583EAA91BD91AD0009551F7 /* Build configuration list for PBXProject "BotTest1" */ = {
			isa = XCConfigurationList;
			buildConfigurations = (
				8583EAD41BD91AD1009551F7 /* Debug */,
				8583EAD51BD91AD1009551F7 /* Release */,
			);
			defaultConfigurationIsVisible = 0;
			defaultConfigurationName = Release;
		};
		8583EAD61BD91AD1009551F7 /* Build configuration list for PBXNativeTarget "BotTest1" */ = {
			isa = XCConfigurationList;
			buildConfigurations = (
				8583EAD71BD91AD1009551F7 /* Debug */,
				8583EAD81BD91AD1009551F7 /* Release */,
			);
			defaultConfigurationIsVisible = 0;
		};
		8583EAD91BD91AD1009551F7 /* Build configuration list for PBXNativeTarget "BotTest1Tests" */ = {
			isa = XCConfigurationList;
			buildConfigurations = (
				8583EADA1BD91AD1009551F7 /* Debug */,
				8583EADB1BD91AD1009551F7 /* Release */,
			);
			defaultConfigurationIsVisible = 0;
		};
		8583EADC1BD91AD1009551F7 /* Build configuration list for PBXNativeTarget "BotTest1UITests" */ = {
			isa = XCConfigurationList;
			buildConfigurations = (
				8583EADD1BD91AD1009551F7 /* Debug */,
				8583EADE1BD91AD1009551F7 /* Release */,
			);
			defaultConfigurationIsVisible = 0;
		};
/* End XCConfigurationList section */
	};
	rootObject = 8583EAA61BD91AD0009551F7 /* Project object */;
}
